
Microsoft Visual Studio Solution File, Format Version 12.00
# Visual Studio 15
VisualStudioVersion = 15.0.26206.0
MinimumVisualStudioVersion = 10.0.40219.1
Project("{9A19103F-16F7-4668-BE54-9A1E7A4F7556}") = "HTTPDataCollectorAPI", "HTTPDataCollectorAPI\HTTPDataCollectorAPI.csproj", "{2F319A14-F56D-4366-AF4C-65D1FD350227}"
EndProject
Project("{9A19103F-16F7-4668-BE54-9A1E7A4F7556}") = "test", "test\test.csproj", "{9AE516B4-0D54-48E1-9799-59553C6FC4BF}"
EndProject
Global
	GlobalSection(SolutionConfigurationPlatforms) = preSolution
		Debug|Any CPU = Debug|Any CPU
		Release|Any CPU = Release|Any CPU
	EndGlobalSection
	GlobalSection(ProjectConfigurationPlatforms) = postSolution
		{2F319A14-F56D-4366-AF4C-65D1FD350227}.Debug|Any CPU.ActiveCfg = Debug|Any CPU
		{2F319A14-F56D-4366-AF4C-65D1FD350227}.Debug|Any CPU.Build.0 = Debug|Any CPU
		{2F319A14-F56D-4366-AF4C-65D1FD350227}.Release|Any CPU.ActiveCfg = Release|Any CPU
		{2F319A14-F56D-4366-AF4C-65D1FD350227}.Release|Any CPU.Build.0 = Release|Any CPU
		{9AE516B4-0D54-48E1-9799-59553C6FC4BF}.Debug|Any CPU.ActiveCfg = Debug|Any CPU
		{9AE516B4-0D54-48E1-9799-59553C6FC4BF}.Debug|Any CPU.Build.0 = Debug|Any CPU
		{9AE516B4-0D54-48E1-9799-59553C6FC4BF}.Release|Any CPU.ActiveCfg = Release|Any CPU
		{9AE516B4-0D54-48E1-9799-59553C6FC4BF}.Release|Any CPU.Build.0 = Release|Any CPU
	EndGlobalSection
	GlobalSection(SolutionProperties) = preSolution
		HideSolutionNode = FALSE
	EndGlobalSection
EndGlobal
